
Microsoft Visual Studio Solution File, Format Version 12.00
# Visual Studio Version 17
VisualStudioVersion = 17.7.34003.232
MinimumVisualStudioVersion = 10.0.40219.1
Project("{FAE04EC0-301F-11D3-BF4B-00C04F79EFBC}") = "Demo_Partial_Class", "Demo_Partial_Class.csproj", "{6254CE17-3B2D-482C-BE62-5DD9B83EC2A4}"
EndProject
Global
	GlobalSection(SolutionConfigurationPlatforms) = preSolution
		Debug|Any CPU = Debug|Any CPU
		Release|Any CPU = Release|Any CPU
	EndGlobalSection
	GlobalSection(ProjectConfigurationPlatforms) = postSolution
		{6254CE17-3B2D-482C-BE62-5DD9B83EC2A4}.Debug|Any CPU.ActiveCfg = Debug|Any CPU
		{6254CE17-3B2D-482C-BE62-5DD9B83EC2A4}.Debug|Any CPU.Build.0 = Debug|Any CPU
		{6254CE17-3B2D-482C-BE62-5DD9B83EC2A4}.Release|Any CPU.ActiveCfg = Release|Any CPU
		{6254CE17-3B2D-482C-BE62-5DD9B83EC2A4}.Release|Any CPU.Build.0 = Release|Any CPU
	EndGlobalSection
	GlobalSection(SolutionProperties) = preSolution
		HideSolutionNode = FALSE
	EndGlobalSection
	GlobalSection(ExtensibilityGlobals) = postSolution
		SolutionGuid = {89D076A8-C4A4-495C-8B76-B32CDCA47264}
	EndGlobalSection
EndGlobal
