
Microsoft Visual Studio Solution File, Format Version 12.00
# Visual Studio Version 17
VisualStudioVersion = 17.7.34003.232
MinimumVisualStudioVersion = 10.0.40219.1
Project("{FAE04EC0-301F-11D3-BF4B-00C04F79EFBC}") = "Reflection_48", "Reflection_48.csproj", "{E25CD336-2850-4B61-8C19-6D77AC1A5274}"
EndProject
Global
	GlobalSection(SolutionConfigurationPlatforms) = preSolution
		Debug|Any CPU = Debug|Any CPU
		Release|Any CPU = Release|Any CPU
	EndGlobalSection
	GlobalSection(ProjectConfigurationPlatforms) = postSolution
		{E25CD336-2850-4B61-8C19-6D77AC1A5274}.Debug|Any CPU.ActiveCfg = Debug|Any CPU
		{E25CD336-2850-4B61-8C19-6D77AC1A5274}.Debug|Any CPU.Build.0 = Debug|Any CPU
		{E25CD336-2850-4B61-8C19-6D77AC1A5274}.Release|Any CPU.ActiveCfg = Release|Any CPU
		{E25CD336-2850-4B61-8C19-6D77AC1A5274}.Release|Any CPU.Build.0 = Release|Any CPU
	EndGlobalSection
	GlobalSection(SolutionProperties) = preSolution
		HideSolutionNode = FALSE
	EndGlobalSection
	GlobalSection(ExtensibilityGlobals) = postSolution
		SolutionGuid = {0516D152-4CE0-4326-8AE5-B5494C97D00F}
	EndGlobalSection
EndGlobal
