
Microsoft Visual Studio Solution File, Format Version 12.00
# Visual Studio Version 17
VisualStudioVersion = 17.7.34003.232
MinimumVisualStudioVersion = 10.0.40219.1
Project("{FAE04EC0-301F-11D3-BF4B-00C04F79EFBC}") = "SortByName", "SortByName.csproj", "{9B77535E-B830-4549-8092-FB2A9AC11363}"
EndProject
Global
	GlobalSection(SolutionConfigurationPlatforms) = preSolution
		Debug|Any CPU = Debug|Any CPU
		Release|Any CPU = Release|Any CPU
	EndGlobalSection
	GlobalSection(ProjectConfigurationPlatforms) = postSolution
		{9B77535E-B830-4549-8092-FB2A9AC11363}.Debug|Any CPU.ActiveCfg = Debug|Any CPU
		{9B77535E-B830-4549-8092-FB2A9AC11363}.Debug|Any CPU.Build.0 = Debug|Any CPU
		{9B77535E-B830-4549-8092-FB2A9AC11363}.Release|Any CPU.ActiveCfg = Release|Any CPU
		{9B77535E-B830-4549-8092-FB2A9AC11363}.Release|Any CPU.Build.0 = Release|Any CPU
	EndGlobalSection
	GlobalSection(SolutionProperties) = preSolution
		HideSolutionNode = FALSE
	EndGlobalSection
	GlobalSection(ExtensibilityGlobals) = postSolution
		SolutionGuid = {257A2F71-2D48-4F9B-843E-BC98BCD173DD}
	EndGlobalSection
EndGlobal
