
Microsoft Visual Studio Solution File, Format Version 12.00
# Visual Studio Version 17
VisualStudioVersion = 17.7.34003.232
MinimumVisualStudioVersion = 10.0.40219.1
Project("{FAE04EC0-301F-11D3-BF4B-00C04F79EFBC}") = "Creating_Indexer_Demo", "Creating_Indexer_Demo.csproj", "{A9A69A3D-4260-43CA-8F85-02582A8EA29D}"
EndProject
Global
	GlobalSection(SolutionConfigurationPlatforms) = preSolution
		Debug|Any CPU = Debug|Any CPU
		Release|Any CPU = Release|Any CPU
	EndGlobalSection
	GlobalSection(ProjectConfigurationPlatforms) = postSolution
		{A9A69A3D-4260-43CA-8F85-02582A8EA29D}.Debug|Any CPU.ActiveCfg = Debug|Any CPU
		{A9A69A3D-4260-43CA-8F85-02582A8EA29D}.Debug|Any CPU.Build.0 = Debug|Any CPU
		{A9A69A3D-4260-43CA-8F85-02582A8EA29D}.Release|Any CPU.ActiveCfg = Release|Any CPU
		{A9A69A3D-4260-43CA-8F85-02582A8EA29D}.Release|Any CPU.Build.0 = Release|Any CPU
	EndGlobalSection
	GlobalSection(SolutionProperties) = preSolution
		HideSolutionNode = FALSE
	EndGlobalSection
	GlobalSection(ExtensibilityGlobals) = postSolution
		SolutionGuid = {31872714-309E-4E48-A884-1DDB94342E56}
	EndGlobalSection
EndGlobal
