
Microsoft Visual Studio Solution File, Format Version 12.00
# Visual Studio Version 17
VisualStudioVersion = 17.7.34003.232
MinimumVisualStudioVersion = 10.0.40219.1
Project("{FAE04EC0-301F-11D3-BF4B-00C04F79EFBC}") = "ListUsefulMethods", "ListUsefulMethods.csproj", "{ED3BCDAA-8C46-43AC-9605-4299B8B1BED7}"
EndProject
Global
	GlobalSection(SolutionConfigurationPlatforms) = preSolution
		Debug|Any CPU = Debug|Any CPU
		Release|Any CPU = Release|Any CPU
	EndGlobalSection
	GlobalSection(ProjectConfigurationPlatforms) = postSolution
		{ED3BCDAA-8C46-43AC-9605-4299B8B1BED7}.Debug|Any CPU.ActiveCfg = Debug|Any CPU
		{ED3BCDAA-8C46-43AC-9605-4299B8B1BED7}.Debug|Any CPU.Build.0 = Debug|Any CPU
		{ED3BCDAA-8C46-43AC-9605-4299B8B1BED7}.Release|Any CPU.ActiveCfg = Release|Any CPU
		{ED3BCDAA-8C46-43AC-9605-4299B8B1BED7}.Release|Any CPU.Build.0 = Release|Any CPU
	EndGlobalSection
	GlobalSection(SolutionProperties) = preSolution
		HideSolutionNode = FALSE
	EndGlobalSection
	GlobalSection(ExtensibilityGlobals) = postSolution
		SolutionGuid = {4FB39A84-2184-48B0-84FD-8A8D9B51276C}
	EndGlobalSection
EndGlobal
