
Microsoft Visual Studio Solution File, Format Version 12.00
# Visual Studio Version 17
VisualStudioVersion = 17.7.34003.232
MinimumVisualStudioVersion = 10.0.40219.1
Project("{FAE04EC0-301F-11D3-BF4B-00C04F79EFBC}") = "InternalAccessModifier_45", "InternalAccessModifier_45.csproj", "{CCEC9245-F136-4CDE-AB9F-53EFFAE121ED}"
EndProject
Project("{FAE04EC0-301F-11D3-BF4B-00C04F79EFBC}") = "AssemblyOne", "..\AssemblyOne\AssemblyOne.csproj", "{93028AAB-AC77-4091-9DEE-2B88A22A4074}"
EndProject
Project("{FAE04EC0-301F-11D3-BF4B-00C04F79EFBC}") = "AssemblyTwo", "..\AssemblyTwo\AssemblyTwo.csproj", "{A04B9CB2-38AF-451D-AEF1-3CE5010373D3}"
EndProject
Global
	GlobalSection(SolutionConfigurationPlatforms) = preSolution
		Debug|Any CPU = Debug|Any CPU
		Release|Any CPU = Release|Any CPU
	EndGlobalSection
	GlobalSection(ProjectConfigurationPlatforms) = postSolution
		{CCEC9245-F136-4CDE-AB9F-53EFFAE121ED}.Debug|Any CPU.ActiveCfg = Debug|Any CPU
		{CCEC9245-F136-4CDE-AB9F-53EFFAE121ED}.Debug|Any CPU.Build.0 = Debug|Any CPU
		{CCEC9245-F136-4CDE-AB9F-53EFFAE121ED}.Release|Any CPU.ActiveCfg = Release|Any CPU
		{CCEC9245-F136-4CDE-AB9F-53EFFAE121ED}.Release|Any CPU.Build.0 = Release|Any CPU
		{93028AAB-AC77-4091-9DEE-2B88A22A4074}.Debug|Any CPU.ActiveCfg = Debug|Any CPU
		{93028AAB-AC77-4091-9DEE-2B88A22A4074}.Debug|Any CPU.Build.0 = Debug|Any CPU
		{93028AAB-AC77-4091-9DEE-2B88A22A4074}.Release|Any CPU.ActiveCfg = Release|Any CPU
		{93028AAB-AC77-4091-9DEE-2B88A22A4074}.Release|Any CPU.Build.0 = Release|Any CPU
		{A04B9CB2-38AF-451D-AEF1-3CE5010373D3}.Debug|Any CPU.ActiveCfg = Debug|Any CPU
		{A04B9CB2-38AF-451D-AEF1-3CE5010373D3}.Debug|Any CPU.Build.0 = Debug|Any CPU
		{A04B9CB2-38AF-451D-AEF1-3CE5010373D3}.Release|Any CPU.ActiveCfg = Release|Any CPU
		{A04B9CB2-38AF-451D-AEF1-3CE5010373D3}.Release|Any CPU.Build.0 = Release|Any CPU
	EndGlobalSection
	GlobalSection(SolutionProperties) = preSolution
		HideSolutionNode = FALSE
	EndGlobalSection
	GlobalSection(ExtensibilityGlobals) = postSolution
		SolutionGuid = {9C509DD1-90F4-4FAB-B138-481E1134BD83}
	EndGlobalSection
EndGlobal
