
Microsoft Visual Studio Solution File, Format Version 12.00
# Visual Studio Version 17
VisualStudioVersion = 17.7.34003.232
MinimumVisualStudioVersion = 10.0.40219.1
Project("{FAE04EC0-301F-11D3-BF4B-00C04F79EFBC}") = "Demo4", "Demo4\Demo4.csproj", "{0B8D99E2-947E-41EC-A369-3D340B3688B0}"
EndProject
Global
	GlobalSection(SolutionConfigurationPlatforms) = preSolution
		Debug|Any CPU = Debug|Any CPU
		Release|Any CPU = Release|Any CPU
	EndGlobalSection
	GlobalSection(ProjectConfigurationPlatforms) = postSolution
		{0B8D99E2-947E-41EC-A369-3D340B3688B0}.Debug|Any CPU.ActiveCfg = Debug|Any CPU
		{0B8D99E2-947E-41EC-A369-3D340B3688B0}.Debug|Any CPU.Build.0 = Debug|Any CPU
		{0B8D99E2-947E-41EC-A369-3D340B3688B0}.Release|Any CPU.ActiveCfg = Release|Any CPU
		{0B8D99E2-947E-41EC-A369-3D340B3688B0}.Release|Any CPU.Build.0 = Release|Any CPU
	EndGlobalSection
	GlobalSection(SolutionProperties) = preSolution
		HideSolutionNode = FALSE
	EndGlobalSection
	GlobalSection(ExtensibilityGlobals) = postSolution
		SolutionGuid = {5301723E-5203-422D-8FAC-FA674CD38974}
	EndGlobalSection
EndGlobal
